
Microsoft Visual Studio Solution File, Format Version 12.00
# Visual Studio Version 16
VisualStudioVersion = 25.0.1705.7
MinimumVisualStudioVersion = 10.0.40219.1
Project("{FAE04EC0-301F-11D3-BF4B-00C04F79EFBC}") = "WebHost", "WebHost\WebHost.csproj", "{E0864B32-DE76-4B52-AC18-DBF115E4CF90}"
EndProject
Project("{FAE04EC0-301F-11D3-BF4B-00C04F79EFBC}") = "Core", "Core\Core.csproj", "{DBA5549F-1321-49F0-89E2-330B543725A1}"
EndProject
Project("{FAE04EC0-301F-11D3-BF4B-00C04F79EFBC}") = "ServiceHost", "ServiceHost\ServiceHost.csproj", "{217803C8-C582-4D95-A69E-0EE4F358D4F7}"
EndProject
Project("{FAE04EC0-301F-11D3-BF4B-00C04F79EFBC}") = "Tests", "..\test\Tests\Tests.csproj", "{4254C84A-D522-4856-9B2C-099867D0422E}"
EndProject
Global
	GlobalSection(SolutionConfigurationPlatforms) = preSolution
		Debug|Any CPU = Debug|Any CPU
		Release|Any CPU = Release|Any CPU
	EndGlobalSection
	GlobalSection(ProjectConfigurationPlatforms) = postSolution
		{E0864B32-DE76-4B52-AC18-DBF115E4CF90}.Debug|Any CPU.ActiveCfg = Debug|Any CPU
		{E0864B32-DE76-4B52-AC18-DBF115E4CF90}.Debug|Any CPU.Build.0 = Debug|Any CPU
		{E0864B32-DE76-4B52-AC18-DBF115E4CF90}.Release|Any CPU.ActiveCfg = Release|Any CPU
		{E0864B32-DE76-4B52-AC18-DBF115E4CF90}.Release|Any CPU.Build.0 = Release|Any CPU
		{DBA5549F-1321-49F0-89E2-330B543725A1}.Debug|Any CPU.ActiveCfg = Debug|Any CPU
		{DBA5549F-1321-49F0-89E2-330B543725A1}.Debug|Any CPU.Build.0 = Debug|Any CPU
		{DBA5549F-1321-49F0-89E2-330B543725A1}.Release|Any CPU.ActiveCfg = Release|Any CPU
		{DBA5549F-1321-49F0-89E2-330B543725A1}.Release|Any CPU.Build.0 = Release|Any CPU
		{217803C8-C582-4D95-A69E-0EE4F358D4F7}.Debug|Any CPU.ActiveCfg = Debug|Any CPU
		{217803C8-C582-4D95-A69E-0EE4F358D4F7}.Debug|Any CPU.Build.0 = Debug|Any CPU
		{217803C8-C582-4D95-A69E-0EE4F358D4F7}.Release|Any CPU.ActiveCfg = Release|Any CPU
		{217803C8-C582-4D95-A69E-0EE4F358D4F7}.Release|Any CPU.Build.0 = Release|Any CPU
		{4254C84A-D522-4856-9B2C-099867D0422E}.Debug|Any CPU.ActiveCfg = Debug|Any CPU
		{4254C84A-D522-4856-9B2C-099867D0422E}.Debug|Any CPU.Build.0 = Debug|Any CPU
		{4254C84A-D522-4856-9B2C-099867D0422E}.Release|Any CPU.ActiveCfg = Release|Any CPU
		{4254C84A-D522-4856-9B2C-099867D0422E}.Release|Any CPU.Build.0 = Release|Any CPU
	EndGlobalSection
	GlobalSection(SolutionProperties) = preSolution
		HideSolutionNode = FALSE
	EndGlobalSection
	GlobalSection(ExtensibilityGlobals) = postSolution
		SolutionGuid = {086A6A52-1F5D-4748-AFD2-17C490A71A00}
	EndGlobalSection
EndGlobal
